// !$*UTF8*$!
{
	archiveVersion = 1;
	classes = {
	};
	objectVersion = 46;
	objects = {

/* Begin PBXBuildFile section */
		A80FBD441AF94B3600A008EA /* HomeCollectionViewController.m in Sources */ = {isa = PBXBuildFile; fileRef = A80FBD431AF94B3600A008EA /* HomeCollectionViewController.m */; };
		A80FBD471AF94D9500A008EA /* HomeCollectionViewCell.m in Sources */ = {isa = PBXBuildFile; fileRef = A80FBD461AF94D9500A008EA /* HomeCollectionViewCell.m */; };
		A80FBD4A1AF9559000A008EA /* NaviMenu.m in Sources */ = {isa = PBXBuildFile; fileRef = A80FBD491AF9559000A008EA /* NaviMenu.m */; };
		A844FD251AF05E2D002B4203 /* ShuttleMapViewController.m in Sources */ = {isa = PBXBuildFile; fileRef = A844FD241AF05E2D002B4203 /* ShuttleMapViewController.m */; };
		A86539871AEEC3EE00BDE25E /* NetworkManager.m in Sources */ = {isa = PBXBuildFile; fileRef = A86539861AEEC3EE00BDE25E /* NetworkManager.m */; };
		A865398B1AEEC43F00BDE25E /* Schedule.m in Sources */ = {isa = PBXBuildFile; fileRef = A865398A1AEEC43F00BDE25E /* Schedule.m */; };
		A865398E1AEEDC9800BDE25E /* StadiumMapViewController.m in Sources */ = {isa = PBXBuildFile; fileRef = A865398D1AEEDC9800BDE25E /* StadiumMapViewController.m */; };
		A86539911AEF281000BDE25E /* UpcomingGameViewController.m in Sources */ = {isa = PBXBuildFile; fileRef = A86539901AEF281000BDE25E /* UpcomingGameViewController.m */; };
		A86539941AEF2E3800BDE25E /* UpcomingMatch.m in Sources */ = {isa = PBXBuildFile; fileRef = A86539931AEF2E3800BDE25E /* UpcomingMatch.m */; };
		A86DA78C1AF7AF3F00B83607 /* Attendance.m in Sources */ = {isa = PBXBuildFile; fileRef = A86DA78B1AF7AF3F00B83607 /* Attendance.m */; };
		A86DA78F1AF7AFA200B83607 /* Assists.m in Sources */ = {isa = PBXBuildFile; fileRef = A86DA78E1AF7AFA200B83607 /* Assists.m */; };
		A86DA7921AF7AFDF00B83607 /* Goals.m in Sources */ = {isa = PBXBuildFile; fileRef = A86DA7911AF7AFDF00B83607 /* Goals.m */; };
		A86DA7951AF7E29100B83607 /* AttendanceCell.m in Sources */ = {isa = PBXBuildFile; fileRef = A86DA7941AF7E29100B83607 /* AttendanceCell.m */; };
		A86DA7981AF7E2C200B83607 /* GoalCell.m in Sources */ = {isa = PBXBuildFile; fileRef = A86DA7971AF7E2C200B83607 /* GoalCell.m */; };
		A86DA79B1AF7E2D000B83607 /* AssistCell.m in Sources */ = {isa = PBXBuildFile; fileRef = A86DA79A1AF7E2D000B83607 /* AssistCell.m */; };
		A87F698E1AF159AE0008E72A /* NewsTableViewController.m in Sources */ = {isa = PBXBuildFile; fileRef = A87F698D1AF159AE0008E72A /* NewsTableViewController.m */; };
		A87F69911AF15CBE0008E72A /* News.m in Sources */ = {isa = PBXBuildFile; fileRef = A87F69901AF15CBE0008E72A /* News.m */; };
		A890E6381AF28E1500851112 /* NewsCell.m in Sources */ = {isa = PBXBuildFile; fileRef = A890E6371AF28E1500851112 /* NewsCell.m */; };
		A890E63B1AF2A0CA00851112 /* WebsiteViewController.m in Sources */ = {isa = PBXBuildFile; fileRef = A890E63A1AF2A0CA00851112 /* WebsiteViewController.m */; };
		A890E63E1AF2B4CE00851112 /* LeagueStandingsTableViewController.m in Sources */ = {isa = PBXBuildFile; fileRef = A890E63D1AF2B4CE00851112 /* LeagueStandingsTableViewController.m */; };
		A890E6411AF2B66800851112 /* Rankings.m in Sources */ = {isa = PBXBuildFile; fileRef = A890E6401AF2B66800851112 /* Rankings.m */; };
		A890E6451AF2CA2900851112 /* LeagueStandingsCell.m in Sources */ = {isa = PBXBuildFile; fileRef = A890E6441AF2CA2900851112 /* LeagueStandingsCell.m */; };
		A899BABE1AF2F17000C801BD /* TeamTableViewController.m in Sources */ = {isa = PBXBuildFile; fileRef = A899BABD1AF2F17000C801BD /* TeamTableViewController.m */; };
		A899BAC11AF2F8C300C801BD /* Team.m in Sources */ = {isa = PBXBuildFile; fileRef = A899BAC01AF2F8C300C801BD /* Team.m */; };
		A899BAC41AF3072D00C801BD /* TeamCell.m in Sources */ = {isa = PBXBuildFile; fileRef = A899BAC31AF3072D00C801BD /* TeamCell.m */; };
		A89D36A81AF6BE0300843BEC /* BingSearch.m in Sources */ = {isa = PBXBuildFile; fileRef = A89D36A71AF6BE0300843BEC /* BingSearch.m */; };
		A8B58DCF1AF458140053E668 /* PlayerWebViewController.m in Sources */ = {isa = PBXBuildFile; fileRef = A8B58DCE1AF458140053E668 /* PlayerWebViewController.m */; };
		A8C355091AF55CDE000FCE74 /* ClubStatsTableViewController.m in Sources */ = {isa = PBXBuildFile; fileRef = A8C355081AF55CDE000FCE74 /* ClubStatsTableViewController.m */; };
		A8DC61F01AEE938E006AB0B6 /* main.m in Sources */ = {isa = PBXBuildFile; fileRef = A8DC61EF1AEE938E006AB0B6 /* main.m */; };
		A8DC61F31AEE938E006AB0B6 /* AppDelegate.m in Sources */ = {isa = PBXBuildFile; fileRef = A8DC61F21AEE938E006AB0B6 /* AppDelegate.m */; };
		A8DC61F61AEE938E006AB0B6 /* HomeViewController.m in Sources */ = {isa = PBXBuildFile; fileRef = A8DC61F51AEE938E006AB0B6 /* HomeViewController.m */; };
		A8DC61F91AEE938E006AB0B6 /* Main.storyboard in Resources */ = {isa = PBXBuildFile; fileRef = A8DC61F71AEE938E006AB0B6 /* Main.storyboard */; };
		A8DC61FB1AEE938E006AB0B6 /* Images.xcassets in Resources */ = {isa = PBXBuildFile; fileRef = A8DC61FA1AEE938E006AB0B6 /* Images.xcassets */; };
		A8DC61FE1AEE938E006AB0B6 /* LaunchScreen.xib in Resources */ = {isa = PBXBuildFile; fileRef = A8DC61FC1AEE938E006AB0B6 /* LaunchScreen.xib */; };
		A8DC620A1AEE938E006AB0B6 /* OVOFanTests.m in Sources */ = {isa = PBXBuildFile; fileRef = A8DC62091AEE938E006AB0B6 /* OVOFanTests.m */; };
		A8DC62151AEE97C4006AB0B6 /* ScheduleTableViewController.m in Sources */ = {isa = PBXBuildFile; fileRef = A8DC62141AEE97C4006AB0B6 /* ScheduleTableViewController.m */; };
/* End PBXBuildFile section */

/* Begin PBXContainerItemProxy section */
		A8DC62041AEE938E006AB0B6 /* PBXContainerItemProxy */ = {
			isa = PBXContainerItemProxy;
			containerPortal = A8DC61E21AEE938E006AB0B6 /* Project object */;
			proxyType = 1;
			remoteGlobalIDString = A8DC61E91AEE938E006AB0B6;
			remoteInfo = OVOFan;
		};
/* End PBXContainerItemProxy section */

/* Begin PBXFileReference section */
		A80FBD421AF94B3600A008EA /* HomeCollectionViewController.h */ = {isa = PBXFileReference; fileEncoding = 4; lastKnownFileType = sourcecode.c.h; path = HomeCollectionViewController.h; sourceTree = "<group>"; };
		A80FBD431AF94B3600A008EA /* HomeCollectionViewController.m */ = {isa = PBXFileReference; fileEncoding = 4; lastKnownFileType = sourcecode.c.objc; path = HomeCollectionViewController.m; sourceTree = "<group>"; };
		A80FBD451AF94D9500A008EA /* HomeCollectionViewCell.h */ = {isa = PBXFileReference; fileEncoding = 4; lastKnownFileType = sourcecode.c.h; path = HomeCollectionViewCell.h; sourceTree = "<group>"; };
		A80FBD461AF94D9500A008EA /* HomeCollectionViewCell.m */ = {isa = PBXFileReference; fileEncoding = 4; lastKnownFileType = sourcecode.c.objc; path = HomeCollectionViewCell.m; sourceTree = "<group>"; };
		A80FBD481AF9559000A008EA /* NaviMenu.h */ = {isa = PBXFileReference; fileEncoding = 4; lastKnownFileType = sourcecode.c.h; path = NaviMenu.h; sourceTree = "<group>"; };
		A80FBD491AF9559000A008EA /* NaviMenu.m */ = {isa = PBXFileReference; fileEncoding = 4; lastKnownFileType = sourcecode.c.objc; path = NaviMenu.m; sourceTree = "<group>"; };
		A844FD231AF05E2D002B4203 /* ShuttleMapViewController.h */ = {isa = PBXFileReference; fileEncoding = 4; lastKnownFileType = sourcecode.c.h; path = ShuttleMapViewController.h; sourceTree = "<group>"; };
		A844FD241AF05E2D002B4203 /* ShuttleMapViewController.m */ = {isa = PBXFileReference; fileEncoding = 4; lastKnownFileType = sourcecode.c.objc; path = ShuttleMapViewController.m; sourceTree = "<group>"; };
		A86539851AEEC3EE00BDE25E /* NetworkManager.h */ = {isa = PBXFileReference; fileEncoding = 4; lastKnownFileType = sourcecode.c.h; path = NetworkManager.h; sourceTree = "<group>"; };
		A86539861AEEC3EE00BDE25E /* NetworkManager.m */ = {isa = PBXFileReference; fileEncoding = 4; lastKnownFileType = sourcecode.c.objc; path = NetworkManager.m; sourceTree = "<group>"; };
		A86539891AEEC43F00BDE25E /* Schedule.h */ = {isa = PBXFileReference; fileEncoding = 4; lastKnownFileType = sourcecode.c.h; path = Schedule.h; sourceTree = "<group>"; };
		A865398A1AEEC43F00BDE25E /* Schedule.m */ = {isa = PBXFileReference; fileEncoding = 4; lastKnownFileType = sourcecode.c.objc; path = Schedule.m; sourceTree = "<group>"; };
		A865398C1AEEDC9800BDE25E /* StadiumMapViewController.h */ = {isa = PBXFileReference; fileEncoding = 4; lastKnownFileType = sourcecode.c.h; path = StadiumMapViewController.h; sourceTree = "<group>"; };
		A865398D1AEEDC9800BDE25E /* StadiumMapViewController.m */ = {isa = PBXFileReference; fileEncoding = 4; lastKnownFileType = sourcecode.c.objc; path = StadiumMapViewController.m; sourceTree = "<group>"; };
		A865398F1AEF281000BDE25E /* UpcomingGameViewController.h */ = {isa = PBXFileReference; fileEncoding = 4; lastKnownFileType = sourcecode.c.h; path = UpcomingGameViewController.h; sourceTree = "<group>"; };
		A86539901AEF281000BDE25E /* UpcomingGameViewController.m */ = {isa = PBXFileReference; fileEncoding = 4; lastKnownFileType = sourcecode.c.objc; path = UpcomingGameViewController.m; sourceTree = "<group>"; };
		A86539921AEF2E3800BDE25E /* UpcomingMatch.h */ = {isa = PBXFileReference; fileEncoding = 4; lastKnownFileType = sourcecode.c.h; path = UpcomingMatch.h; sourceTree = "<group>"; };
		A86539931AEF2E3800BDE25E /* UpcomingMatch.m */ = {isa = PBXFileReference; fileEncoding = 4; lastKnownFileType = sourcecode.c.objc; path = UpcomingMatch.m; sourceTree = "<group>"; };
		A86DA78A1AF7AF3F00B83607 /* Attendance.h */ = {isa = PBXFileReference; fileEncoding = 4; lastKnownFileType = sourcecode.c.h; path = Attendance.h; sourceTree = "<group>"; };
		A86DA78B1AF7AF3F00B83607 /* Attendance.m */ = {isa = PBXFileReference; fileEncoding = 4; lastKnownFileType = sourcecode.c.objc; path = Attendance.m; sourceTree = "<group>"; };
		A86DA78D1AF7AFA200B83607 /* Assists.h */ = {isa = PBXFileReference; fileEncoding = 4; lastKnownFileType = sourcecode.c.h; path = Assists.h; sourceTree = "<group>"; };
		A86DA78E1AF7AFA200B83607 /* Assists.m */ = {isa = PBXFileReference; fileEncoding = 4; lastKnownFileType = sourcecode.c.objc; path = Assists.m; sourceTree = "<group>"; };
		A86DA7901AF7AFDF00B83607 /* Goals.h */ = {isa = PBXFileReference; fileEncoding = 4; lastKnownFileType = sourcecode.c.h; path = Goals.h; sourceTree = "<group>"; };
		A86DA7911AF7AFDF00B83607 /* Goals.m */ = {isa = PBXFileReference; fileEncoding = 4; lastKnownFileType = sourcecode.c.objc; path = Goals.m; sourceTree = "<group>"; };
		A86DA7931AF7E29100B83607 /* AttendanceCell.h */ = {isa = PBXFileReference; fileEncoding = 4; lastKnownFileType = sourcecode.c.h; path = AttendanceCell.h; sourceTree = "<group>"; };
		A86DA7941AF7E29100B83607 /* AttendanceCell.m */ = {isa = PBXFileReference; fileEncoding = 4; lastKnownFileType = sourcecode.c.objc; path = AttendanceCell.m; sourceTree = "<group>"; };
		A86DA7961AF7E2C200B83607 /* GoalCell.h */ = {isa = PBXFileReference; fileEncoding = 4; lastKnownFileType = sourcecode.c.h; path = GoalCell.h; sourceTree = "<group>"; };
		A86DA7971AF7E2C200B83607 /* GoalCell.m */ = {isa = PBXFileReference; fileEncoding = 4; lastKnownFileType = sourcecode.c.objc; path = GoalCell.m; sourceTree = "<group>"; };
		A86DA7991AF7E2D000B83607 /* AssistCell.h */ = {isa = PBXFileReference; fileEncoding = 4; lastKnownFileType = sourcecode.c.h; path = AssistCell.h; sourceTree = "<group>"; };
		A86DA79A1AF7E2D000B83607 /* AssistCell.m */ = {isa = PBXFileReference; fileEncoding = 4; lastKnownFileType = sourcecode.c.objc; path = AssistCell.m; sourceTree = "<group>"; };
		A87F698C1AF159AE0008E72A /* NewsTableViewController.h */ = {isa = PBXFileReference; fileEncoding = 4; lastKnownFileType = sourcecode.c.h; path = NewsTableViewController.h; sourceTree = "<group>"; };
		A87F698D1AF159AE0008E72A /* NewsTableViewController.m */ = {isa = PBXFileReference; fileEncoding = 4; lastKnownFileType = sourcecode.c.objc; path = NewsTableViewController.m; sourceTree = "<group>"; };
		A87F698F1AF15CBE0008E72A /* News.h */ = {isa = PBXFileReference; fileEncoding = 4; lastKnownFileType = sourcecode.c.h; path = News.h; sourceTree = "<group>"; };
		A87F69901AF15CBE0008E72A /* News.m */ = {isa = PBXFileReference; fileEncoding = 4; lastKnownFileType = sourcecode.c.objc; path = News.m; sourceTree = "<group>"; };
		A890E6361AF28E1500851112 /* NewsCell.h */ = {isa = PBXFileReference; fileEncoding = 4; lastKnownFileType = sourcecode.c.h; path = NewsCell.h; sourceTree = "<group>"; };
		A890E6371AF28E1500851112 /* NewsCell.m */ = {isa = PBXFileReference; fileEncoding = 4; lastKnownFileType = sourcecode.c.objc; path = NewsCell.m; sourceTree = "<group>"; };
		A890E6391AF2A0CA00851112 /* WebsiteViewController.h */ = {isa = PBXFileReference; fileEncoding = 4; lastKnownFileType = sourcecode.c.h; path = WebsiteViewController.h; sourceTree = "<group>"; };
		A890E63A1AF2A0CA00851112 /* WebsiteViewController.m */ = {isa = PBXFileReference; fileEncoding = 4; lastKnownFileType = sourcecode.c.objc; path = WebsiteViewController.m; sourceTree = "<group>"; };
		A890E63C1AF2B4CE00851112 /* LeagueStandingsTableViewController.h */ = {isa = PBXFileReference; fileEncoding = 4; lastKnownFileType = sourcecode.c.h; path = LeagueStandingsTableViewController.h; sourceTree = "<group>"; };
		A890E63D1AF2B4CE00851112 /* LeagueStandingsTableViewController.m */ = {isa = PBXFileReference; fileEncoding = 4; lastKnownFileType = sourcecode.c.objc; path = LeagueStandingsTableViewController.m; sourceTree = "<group>"; };
		A890E63F1AF2B66800851112 /* Rankings.h */ = {isa = PBXFileReference; fileEncoding = 4; lastKnownFileType = sourcecode.c.h; path = Rankings.h; sourceTree = "<group>"; };
		A890E6401AF2B66800851112 /* Rankings.m */ = {isa = PBXFileReference; fileEncoding = 4; lastKnownFileType = sourcecode.c.objc; path = Rankings.m; sourceTree = "<group>"; };
		A890E6431AF2CA2900851112 /* LeagueStandingsCell.h */ = {isa = PBXFileReference; fileEncoding = 4; lastKnownFileType = sourcecode.c.h; path = LeagueStandingsCell.h; sourceTree = "<group>"; };
		A890E6441AF2CA2900851112 /* LeagueStandingsCell.m */ = {isa = PBXFileReference; fileEncoding = 4; lastKnownFileType = sourcecode.c.objc; path = LeagueStandingsCell.m; sourceTree = "<group>"; };
		A899BABC1AF2F17000C801BD /* TeamTableViewController.h */ = {isa = PBXFileReference; fileEncoding = 4; lastKnownFileType = sourcecode.c.h; path = TeamTableViewController.h; sourceTree = "<group>"; };
		A899BABD1AF2F17000C801BD /* TeamTableViewController.m */ = {isa = PBXFileReference; fileEncoding = 4; lastKnownFileType = sourcecode.c.objc; path = TeamTableViewController.m; sourceTree = "<group>"; };
		A899BABF1AF2F8C300C801BD /* Team.h */ = {isa = PBXFileReference; fileEncoding = 4; lastKnownFileType = sourcecode.c.h; path = Team.h; sourceTree = "<group>"; };
		A899BAC01AF2F8C300C801BD /* Team.m */ = {isa = PBXFileReference; fileEncoding = 4; lastKnownFileType = sourcecode.c.objc; path = Team.m; sourceTree = "<group>"; };
		A899BAC21AF3072D00C801BD /* TeamCell.h */ = {isa = PBXFileReference; fileEncoding = 4; lastKnownFileType = sourcecode.c.h; path = TeamCell.h; sourceTree = "<group>"; };
		A899BAC31AF3072D00C801BD /* TeamCell.m */ = {isa = PBXFileReference; fileEncoding = 4; lastKnownFileType = sourcecode.c.objc; path = TeamCell.m; sourceTree = "<group>"; };
		A89D36A61AF6BE0300843BEC /* BingSearch.h */ = {isa = PBXFileReference; fileEncoding = 4; lastKnownFileType = sourcecode.c.h; path = BingSearch.h; sourceTree = "<group>"; };
		A89D36A71AF6BE0300843BEC /* BingSearch.m */ = {isa = PBXFileReference; fileEncoding = 4; lastKnownFileType = sourcecode.c.objc; path = BingSearch.m; sourceTree = "<group>"; };
		A8B58DCD1AF458140053E668 /* PlayerWebViewController.h */ = {isa = PBXFileReference; fileEncoding = 4; lastKnownFileType = sourcecode.c.h; path = PlayerWebViewController.h; sourceTree = "<group>"; };
		A8B58DCE1AF458140053E668 /* PlayerWebViewController.m */ = {isa = PBXFileReference; fileEncoding = 4; lastKnownFileType = sourcecode.c.objc; path = PlayerWebViewController.m; sourceTree = "<group>"; };
		A8C355071AF55CDE000FCE74 /* ClubStatsTableViewController.h */ = {isa = PBXFileReference; fileEncoding = 4; lastKnownFileType = sourcecode.c.h; path = ClubStatsTableViewController.h; sourceTree = "<group>"; };
		A8C355081AF55CDE000FCE74 /* ClubStatsTableViewController.m */ = {isa = PBXFileReference; fileEncoding = 4; lastKnownFileType = sourcecode.c.objc; path = ClubStatsTableViewController.m; sourceTree = "<group>"; };
		A8DC61EA1AEE938E006AB0B6 /* OVOFan.app */ = {isa = PBXFileReference; explicitFileType = wrapper.application; includeInIndex = 0; path = OVOFan.app; sourceTree = BUILT_PRODUCTS_DIR; };
		A8DC61EE1AEE938E006AB0B6 /* Info.plist */ = {isa = PBXFileReference; lastKnownFileType = text.plist.xml; path = Info.plist; sourceTree = "<group>"; };
		A8DC61EF1AEE938E006AB0B6 /* main.m */ = {isa = PBXFileReference; lastKnownFileType = sourcecode.c.objc; path = main.m; sourceTree = "<group>"; };
		A8DC61F11AEE938E006AB0B6 /* AppDelegate.h */ = {isa = PBXFileReference; lastKnownFileType = sourcecode.c.h; path = AppDelegate.h; sourceTree = "<group>"; };
		A8DC61F21AEE938E006AB0B6 /* AppDelegate.m */ = {isa = PBXFileReference; lastKnownFileType = sourcecode.c.objc; path = AppDelegate.m; sourceTree = "<group>"; };
		A8DC61F41AEE938E006AB0B6 /* HomeViewController.h */ = {isa = PBXFileReference; lastKnownFileType = sourcecode.c.h; path = HomeViewController.h; sourceTree = "<group>"; };
		A8DC61F51AEE938E006AB0B6 /* HomeViewController.m */ = {isa = PBXFileReference; lastKnownFileType = sourcecode.c.objc; path = HomeViewController.m; sourceTree = "<group>"; };
		A8DC61F81AEE938E006AB0B6 /* Base */ = {isa = PBXFileReference; lastKnownFileType = file.storyboard; name = Base; path = Base.lproj/Main.storyboard; sourceTree = "<group>"; };
		A8DC61FA1AEE938E006AB0B6 /* Images.xcassets */ = {isa = PBXFileReference; lastKnownFileType = folder.assetcatalog; path = Images.xcassets; sourceTree = "<group>"; };
		A8DC61FD1AEE938E006AB0B6 /* Base */ = {isa = PBXFileReference; lastKnownFileType = file.xib; name = Base; path = Base.lproj/LaunchScreen.xib; sourceTree = "<group>"; };
		A8DC62031AEE938E006AB0B6 /* OVOFanTests.xctest */ = {isa = PBXFileReference; explicitFileType = wrapper.cfbundle; includeInIndex = 0; path = OVOFanTests.xctest; sourceTree = BUILT_PRODUCTS_DIR; };
		A8DC62081AEE938E006AB0B6 /* Info.plist */ = {isa = PBXFileReference; lastKnownFileType = text.plist.xml; path = Info.plist; sourceTree = "<group>"; };
		A8DC62091AEE938E006AB0B6 /* OVOFanTests.m */ = {isa = PBXFileReference; lastKnownFileType = sourcecode.c.objc; path = OVOFanTests.m; sourceTree = "<group>"; };
		A8DC62131AEE97C4006AB0B6 /* ScheduleTableViewController.h */ = {isa = PBXFileReference; fileEncoding = 4; lastKnownFileType = sourcecode.c.h; path = ScheduleTableViewController.h; sourceTree = "<group>"; };
		A8DC62141AEE97C4006AB0B6 /* ScheduleTableViewController.m */ = {isa = PBXFileReference; fileEncoding = 4; lastKnownFileType = sourcecode.c.objc; path = ScheduleTableViewController.m; sourceTree = "<group>"; };
/* End PBXFileReference section */

/* Begin PBXFrameworksBuildPhase section */
		A8DC61E71AEE938E006AB0B6 /* Frameworks */ = {
			isa = PBXFrameworksBuildPhase;
			buildActionMask = 2147483647;
			files = (
			);
			runOnlyForDeploymentPostprocessing = 0;
		};
		A8DC62001AEE938E006AB0B6 /* Frameworks */ = {
			isa = PBXFrameworksBuildPhase;
			buildActionMask = 2147483647;
			files = (
			);
			runOnlyForDeploymentPostprocessing = 0;
		};
/* End PBXFrameworksBuildPhase section */

/* Begin PBXGroup section */
		A86539881AEEC3F500BDE25E /* Model Objects */ = {
			isa = PBXGroup;
			children = (
				A86DA78A1AF7AF3F00B83607 /* Attendance.h */,
				A86DA78B1AF7AF3F00B83607 /* Attendance.m */,
				A86DA78D1AF7AFA200B83607 /* Assists.h */,
				A86DA78E1AF7AFA200B83607 /* Assists.m */,
				A89D36A61AF6BE0300843BEC /* BingSearch.h */,
				A89D36A71AF6BE0300843BEC /* BingSearch.m */,
				A86DA7901AF7AFDF00B83607 /* Goals.h */,
				A86DA7911AF7AFDF00B83607 /* Goals.m */,
				A80FBD481AF9559000A008EA /* NaviMenu.h */,
				A80FBD491AF9559000A008EA /* NaviMenu.m */,
				A87F698F1AF15CBE0008E72A /* News.h */,
				A87F69901AF15CBE0008E72A /* News.m */,
				A890E63F1AF2B66800851112 /* Rankings.h */,
				A890E6401AF2B66800851112 /* Rankings.m */,
				A86539891AEEC43F00BDE25E /* Schedule.h */,
				A865398A1AEEC43F00BDE25E /* Schedule.m */,
				A899BABF1AF2F8C300C801BD /* Team.h */,
				A899BAC01AF2F8C300C801BD /* Team.m */,
				A86539921AEF2E3800BDE25E /* UpcomingMatch.h */,
				A86539931AEF2E3800BDE25E /* UpcomingMatch.m */,
				A86539851AEEC3EE00BDE25E /* NetworkManager.h */,
				A86539861AEEC3EE00BDE25E /* NetworkManager.m */,
			);
			name = "Model Objects";
			sourceTree = "<group>";
		};
		A890E6421AF2BAB200851112 /* Custom Cells */ = {
			isa = PBXGroup;
			children = (
				A86DA7991AF7E2D000B83607 /* AssistCell.h */,
				A86DA79A1AF7E2D000B83607 /* AssistCell.m */,
				A86DA7931AF7E29100B83607 /* AttendanceCell.h */,
				A86DA7941AF7E29100B83607 /* AttendanceCell.m */,
				A86DA7961AF7E2C200B83607 /* GoalCell.h */,
				A86DA7971AF7E2C200B83607 /* GoalCell.m */,
				A80FBD451AF94D9500A008EA /* HomeCollectionViewCell.h */,
				A80FBD461AF94D9500A008EA /* HomeCollectionViewCell.m */,
				A890E6431AF2CA2900851112 /* LeagueStandingsCell.h */,
				A890E6441AF2CA2900851112 /* LeagueStandingsCell.m */,
				A899BAC21AF3072D00C801BD /* TeamCell.h */,
				A899BAC31AF3072D00C801BD /* TeamCell.m */,
				A890E6361AF28E1500851112 /* NewsCell.h */,
				A890E6371AF28E1500851112 /* NewsCell.m */,
			);
			name = "Custom Cells";
			sourceTree = "<group>";
		};
		A8DC61E11AEE938E006AB0B6 = {
			isa = PBXGroup;
			children = (
				A8DC61EC1AEE938E006AB0B6 /* OVOFan */,
				A8DC61EB1AEE938E006AB0B6 /* Products */,
			);
			sourceTree = "<group>";
		};
		A8DC61EB1AEE938E006AB0B6 /* Products */ = {
			isa = PBXGroup;
			children = (
				A8DC61EA1AEE938E006AB0B6 /* OVOFan.app */,
				A8DC62031AEE938E006AB0B6 /* OVOFanTests.xctest */,
			);
			name = Products;
			sourceTree = "<group>";
		};
		A8DC61EC1AEE938E006AB0B6 /* OVOFan */ = {
			isa = PBXGroup;
			children = (
				A8DC61F11AEE938E006AB0B6 /* AppDelegate.h */,
				A8DC61F21AEE938E006AB0B6 /* AppDelegate.m */,
				A8DC62161AEE97CE006AB0B6 /* View Controllers */,
				A86539881AEEC3F500BDE25E /* Model Objects */,
				A890E6421AF2BAB200851112 /* Custom Cells */,
				A8DC61F71AEE938E006AB0B6 /* Main.storyboard */,
				A80FBD421AF94B3600A008EA /* HomeCollectionViewController.h */,
				A80FBD431AF94B3600A008EA /* HomeCollectionViewController.m */,
				A8DC61FA1AEE938E006AB0B6 /* Images.xcassets */,
				A8DC61FC1AEE938E006AB0B6 /* LaunchScreen.xib */,
				A8DC62061AEE938E006AB0B6 /* OVOFanTests */,
				A8DC61ED1AEE938E006AB0B6 /* Supporting Files */,
			);
			path = OVOFan;
			sourceTree = "<group>";
		};
		A8DC61ED1AEE938E006AB0B6 /* Supporting Files */ = {
			isa = PBXGroup;
			children = (
				A8DC61EE1AEE938E006AB0B6 /* Info.plist */,
				A8DC61EF1AEE938E006AB0B6 /* main.m */,
			);
			name = "Supporting Files";
			sourceTree = "<group>";
		};
		A8DC62061AEE938E006AB0B6 /* OVOFanTests */ = {
			isa = PBXGroup;
			children = (
				A8DC62091AEE938E006AB0B6 /* OVOFanTests.m */,
				A8DC62071AEE938E006AB0B6 /* Supporting Files */,
			);
			path = OVOFanTests;
			sourceTree = SOURCE_ROOT;
		};
		A8DC62071AEE938E006AB0B6 /* Supporting Files */ = {
			isa = PBXGroup;
			children = (
				A8DC62081AEE938E006AB0B6 /* Info.plist */,
			);
			name = "Supporting Files";
			sourceTree = "<group>";
		};
		A8DC62161AEE97CE006AB0B6 /* View Controllers */ = {
			isa = PBXGroup;
			children = (
				A8C355071AF55CDE000FCE74 /* ClubStatsTableViewController.h */,
				A8C355081AF55CDE000FCE74 /* ClubStatsTableViewController.m */,
				A8DC61F41AEE938E006AB0B6 /* HomeViewController.h */,
				A8DC61F51AEE938E006AB0B6 /* HomeViewController.m */,
				A890E63C1AF2B4CE00851112 /* LeagueStandingsTableViewController.h */,
				A890E63D1AF2B4CE00851112 /* LeagueStandingsTableViewController.m */,
				A87F698C1AF159AE0008E72A /* NewsTableViewController.h */,
				A87F698D1AF159AE0008E72A /* NewsTableViewController.m */,
				A8B58DCD1AF458140053E668 /* PlayerWebViewController.h */,
				A8B58DCE1AF458140053E668 /* PlayerWebViewController.m */,
				A8DC62131AEE97C4006AB0B6 /* ScheduleTableViewController.h */,
				A8DC62141AEE97C4006AB0B6 /* ScheduleTableViewController.m */,
				A865398C1AEEDC9800BDE25E /* StadiumMapViewController.h */,
				A865398D1AEEDC9800BDE25E /* StadiumMapViewController.m */,
				A844FD231AF05E2D002B4203 /* ShuttleMapViewController.h */,
				A844FD241AF05E2D002B4203 /* ShuttleMapViewController.m */,
				A899BABC1AF2F17000C801BD /* TeamTableViewController.h */,
				A899BABD1AF2F17000C801BD /* TeamTableViewController.m */,
				A865398F1AEF281000BDE25E /* UpcomingGameViewController.h */,
				A86539901AEF281000BDE25E /* UpcomingGameViewController.m */,
				A890E6391AF2A0CA00851112 /* WebsiteViewController.h */,
				A890E63A1AF2A0CA00851112 /* WebsiteViewController.m */,
			);
			name = "View Controllers";
			sourceTree = "<group>";
		};
/* End PBXGroup section */

/* Begin PBXNativeTarget section */
		A8DC61E91AEE938E006AB0B6 /* OVOFan */ = {
			isa = PBXNativeTarget;
			buildConfigurationList = A8DC620D1AEE938E006AB0B6 /* Build configuration list for PBXNativeTarget "OVOFan" */;
			buildPhases = (
				A8DC61E61AEE938E006AB0B6 /* Sources */,
				A8DC61E71AEE938E006AB0B6 /* Frameworks */,
				A8DC61E81AEE938E006AB0B6 /* Resources */,
			);
			buildRules = (
			);
			dependencies = (
			);
			name = OVOFan;
			productName = OVOFan;
			productReference = A8DC61EA1AEE938E006AB0B6 /* OVOFan.app */;
			productType = "com.apple.product-type.application";
		};
		A8DC62021AEE938E006AB0B6 /* OVOFanTests */ = {
			isa = PBXNativeTarget;
			buildConfigurationList = A8DC62101AEE938E006AB0B6 /* Build configuration list for PBXNativeTarget "OVOFanTests" */;
			buildPhases = (
				A8DC61FF1AEE938E006AB0B6 /* Sources */,
				A8DC62001AEE938E006AB0B6 /* Frameworks */,
				A8DC62011AEE938E006AB0B6 /* Resources */,
			);
			buildRules = (
			);
			dependencies = (
				A8DC62051AEE938E006AB0B6 /* PBXTargetDependency */,
			);
			name = OVOFanTests;
			productName = OVOFanTests;
			productReference = A8DC62031AEE938E006AB0B6 /* OVOFanTests.xctest */;
			productType = "com.apple.product-type.bundle.unit-test";
		};
/* End PBXNativeTarget section */

/* Begin PBXProject section */
		A8DC61E21AEE938E006AB0B6 /* Project object */ = {
			isa = PBXProject;
			attributes = {
				LastUpgradeCheck = 0630;
				ORGANIZATIONNAME = "Jordan Anderson";
				TargetAttributes = {
					A8DC61E91AEE938E006AB0B6 = {
						CreatedOnToolsVersion = 6.3;
					};
					A8DC62021AEE938E006AB0B6 = {
						CreatedOnToolsVersion = 6.3;
						TestTargetID = A8DC61E91AEE938E006AB0B6;
					};
				};
			};
			buildConfigurationList = A8DC61E51AEE938E006AB0B6 /* Build configuration list for PBXProject "OVOFan" */;
			compatibilityVersion = "Xcode 3.2";
			developmentRegion = English;
			hasScannedForEncodings = 0;
			knownRegions = (
				en,
				Base,
			);
			mainGroup = A8DC61E11AEE938E006AB0B6;
			productRefGroup = A8DC61EB1AEE938E006AB0B6 /* Products */;
			projectDirPath = "";
			projectRoot = "";
			targets = (
				A8DC61E91AEE938E006AB0B6 /* OVOFan */,
				A8DC62021AEE938E006AB0B6 /* OVOFanTests */,
			);
		};
/* End PBXProject section */

/* Begin PBXResourcesBuildPhase section */
		A8DC61E81AEE938E006AB0B6 /* Resources */ = {
			isa = PBXResourcesBuildPhase;
			buildActionMask = 2147483647;
			files = (
				A8DC61F91AEE938E006AB0B6 /* Main.storyboard in Resources */,
				A8DC61FE1AEE938E006AB0B6 /* LaunchScreen.xib in Resources */,
				A8DC61FB1AEE938E006AB0B6 /* Images.xcassets in Resources */,
			);
			runOnlyForDeploymentPostprocessing = 0;
		};
		A8DC62011AEE938E006AB0B6 /* Resources */ = {
			isa = PBXResourcesBuildPhase;
			buildActionMask = 2147483647;
			files = (
			);
			runOnlyForDeploymentPostprocessing = 0;
		};
/* End PBXResourcesBuildPhase section */

/* Begin PBXSourcesBuildPhase section */
		A8DC61E61AEE938E006AB0B6 /* Sources */ = {
			isa = PBXSourcesBuildPhase;
			buildActionMask = 2147483647;
			files = (
				A89D36A81AF6BE0300843BEC /* BingSearch.m in Sources */,
				A865398B1AEEC43F00BDE25E /* Schedule.m in Sources */,
				A87F698E1AF159AE0008E72A /* NewsTableViewController.m in Sources */,
				A890E6451AF2CA2900851112 /* LeagueStandingsCell.m in Sources */,
				A890E6411AF2B66800851112 /* Rankings.m in Sources */,
				A87F69911AF15CBE0008E72A /* News.m in Sources */,
				A844FD251AF05E2D002B4203 /* ShuttleMapViewController.m in Sources */,
				A8DC62151AEE97C4006AB0B6 /* ScheduleTableViewController.m in Sources */,
				A80FBD4A1AF9559000A008EA /* NaviMenu.m in Sources */,
				A80FBD471AF94D9500A008EA /* HomeCollectionViewCell.m in Sources */,
				A86DA79B1AF7E2D000B83607 /* AssistCell.m in Sources */,
				A86DA78F1AF7AFA200B83607 /* Assists.m in Sources */,
				A86DA7951AF7E29100B83607 /* AttendanceCell.m in Sources */,
				A8B58DCF1AF458140053E668 /* PlayerWebViewController.m in Sources */,
				A86539911AEF281000BDE25E /* UpcomingGameViewController.m in Sources */,
				A86DA7981AF7E2C200B83607 /* GoalCell.m in Sources */,
				A899BAC41AF3072D00C801BD /* TeamCell.m in Sources */,
				A899BAC11AF2F8C300C801BD /* Team.m in Sources */,
				A890E63E1AF2B4CE00851112 /* LeagueStandingsTableViewController.m in Sources */,
				A86539941AEF2E3800BDE25E /* UpcomingMatch.m in Sources */,
				A86DA78C1AF7AF3F00B83607 /* Attendance.m in Sources */,
				A865398E1AEEDC9800BDE25E /* StadiumMapViewController.m in Sources */,
				A890E63B1AF2A0CA00851112 /* WebsiteViewController.m in Sources */,
				A8DC61F61AEE938E006AB0B6 /* HomeViewController.m in Sources */,
				A8DC61F31AEE938E006AB0B6 /* AppDelegate.m in Sources */,
				A890E6381AF28E1500851112 /* NewsCell.m in Sources */,
				A86539871AEEC3EE00BDE25E /* NetworkManager.m in Sources */,
				A86DA7921AF7AFDF00B83607 /* Goals.m in Sources */,
				A899BABE1AF2F17000C801BD /* TeamTableViewController.m in Sources */,
				A8DC61F01AEE938E006AB0B6 /* main.m in Sources */,
				A8C355091AF55CDE000FCE74 /* ClubStatsTableViewController.m in Sources */,
				A80FBD441AF94B3600A008EA /* HomeCollectionViewController.m in Sources */,
			);
			runOnlyForDeploymentPostprocessing = 0;
		};
		A8DC61FF1AEE938E006AB0B6 /* Sources */ = {
			isa = PBXSourcesBuildPhase;
			buildActionMask = 2147483647;
			files = (
				A8DC620A1AEE938E006AB0B6 /* OVOFanTests.m in Sources */,
			);
			runOnlyForDeploymentPostprocessing = 0;
		};
/* End PBXSourcesBuildPhase section */

/* Begin PBXTargetDependency section */
		A8DC62051AEE938E006AB0B6 /* PBXTargetDependency */ = {
			isa = PBXTargetDependency;
			target = A8DC61E91AEE938E006AB0B6 /* OVOFan */;
			targetProxy = A8DC62041AEE938E006AB0B6 /* PBXContainerItemProxy */;
		};
/* End PBXTargetDependency section */

/* Begin PBXVariantGroup section */
		A8DC61F71AEE938E006AB0B6 /* Main.storyboard */ = {
			isa = PBXVariantGroup;
			children = (
				A8DC61F81AEE938E006AB0B6 /* Base */,
			);
			name = Main.storyboard;
			sourceTree = "<group>";
		};
		A8DC61FC1AEE938E006AB0B6 /* LaunchScreen.xib */ = {
			isa = PBXVariantGroup;
			children = (
				A8DC61FD1AEE938E006AB0B6 /* Base */,
			);
			name = LaunchScreen.xib;
			sourceTree = "<group>";
		};
/* End PBXVariantGroup section */

/* Begin XCBuildConfiguration section */
		A8DC620B1AEE938E006AB0B6 /* Debug */ = {
			isa = XCBuildConfiguration;
			buildSettings = {
				ALWAYS_SEARCH_USER_PATHS = NO;
				CLANG_CXX_LANGUAGE_STANDARD = "gnu++0x";
				CLANG_CXX_LIBRARY = "libc++";
				CLANG_ENABLE_MODULES = YES;
				CLANG_ENABLE_OBJC_ARC = YES;
				CLANG_WARN_BOOL_CONVERSION = YES;
				CLANG_WARN_CONSTANT_CONVERSION = YES;
				CLANG_WARN_DIRECT_OBJC_ISA_USAGE = YES_ERROR;
				CLANG_WARN_EMPTY_BODY = YES;
				CLANG_WARN_ENUM_CONVERSION = YES;
				CLANG_WARN_INT_CONVERSION = YES;
				CLANG_WARN_OBJC_ROOT_CLASS = YES_ERROR;
				CLANG_WARN_UNREACHABLE_CODE = YES;
				CLANG_WARN__DUPLICATE_METHOD_MATCH = YES;
				"CODE_SIGN_IDENTITY[sdk=iphoneos*]" = "iPhone Developer";
				COPY_PHASE_STRIP = NO;
				DEBUG_INFORMATION_FORMAT = "dwarf-with-dsym";
				ENABLE_STRICT_OBJC_MSGSEND = YES;
				GCC_C_LANGUAGE_STANDARD = gnu99;
				GCC_DYNAMIC_NO_PIC = NO;
				GCC_NO_COMMON_BLOCKS = YES;
				GCC_OPTIMIZATION_LEVEL = 0;
				GCC_PREPROCESSOR_DEFINITIONS = (
					"DEBUG=1",
					"$(inherited)",
				);
				GCC_SYMBOLS_PRIVATE_EXTERN = NO;
				GCC_WARN_64_TO_32_BIT_CONVERSION = YES;
				GCC_WARN_ABOUT_RETURN_TYPE = YES_ERROR;
				GCC_WARN_UNDECLARED_SELECTOR = YES;
				GCC_WARN_UNINITIALIZED_AUTOS = YES_AGGRESSIVE;
				GCC_WARN_UNUSED_FUNCTION = YES;
				GCC_WARN_UNUSED_VARIABLE = YES;
				IPHONEOS_DEPLOYMENT_TARGET = 8.3;
				MTL_ENABLE_DEBUG_INFO = YES;
				ONLY_ACTIVE_ARCH = YES;
				SDKROOT = iphoneos;
			};
			name = Debug;
		};
		A8DC620C1AEE938E006AB0B6 /* Release */ = {
			isa = XCBuildConfiguration;
			buildSettings = {
				ALWAYS_SEARCH_USER_PATHS = NO;
				CLANG_CXX_LANGUAGE_STANDARD = "gnu++0x";
				CLANG_CXX_LIBRARY = "libc++";
				CLANG_ENABLE_MODULES = YES;
				CLANG_ENABLE_OBJC_ARC = YES;
				CLANG_WARN_BOOL_CONVERSION = YES;
				CLANG_WARN_CONSTANT_CONVERSION = YES;
				CLANG_WARN_DIRECT_OBJC_ISA_USAGE = YES_ERROR;
				CLANG_WARN_EMPTY_BODY = YES;
				CLANG_WARN_ENUM_CONVERSION = YES;
				CLANG_WARN_INT_CONVERSION = YES;
				CLANG_WARN_OBJC_ROOT_CLASS = YES_ERROR;
				CLANG_WARN_UNREACHABLE_CODE = YES;
				CLANG_WARN__DUPLICATE_METHOD_MATCH = YES;
				"CODE_SIGN_IDENTITY[sdk=iphoneos*]" = "iPhone Developer";
				COPY_PHASE_STRIP = NO;
				DEBUG_INFORMATION_FORMAT = "dwarf-with-dsym";
				ENABLE_NS_ASSERTIONS = NO;
				ENABLE_STRICT_OBJC_MSGSEND = YES;
				GCC_C_LANGUAGE_STANDARD = gnu99;
				GCC_NO_COMMON_BLOCKS = YES;
				GCC_WARN_64_TO_32_BIT_CONVERSION = YES;
				GCC_WARN_ABOUT_RETURN_TYPE = YES_ERROR;
				GCC_WARN_UNDECLARED_SELECTOR = YES;
				GCC_WARN_UNINITIALIZED_AUTOS = YES_AGGRESSIVE;
				GCC_WARN_UNUSED_FUNCTION = YES;
				GCC_WARN_UNUSED_VARIABLE = YES;
				IPHONEOS_DEPLOYMENT_TARGET = 8.3;
				MTL_ENABLE_DEBUG_INFO = NO;
				SDKROOT = iphoneos;
				VALIDATE_PRODUCT = YES;
			};
			name = Release;
		};
		A8DC620E1AEE938E006AB0B6 /* Debug */ = {
			isa = XCBuildConfiguration;
			buildSettings = {
				ASSETCATALOG_COMPILER_APPICON_NAME = AppIcon;
				INFOPLIST_FILE = OVOFan/Info.plist;
				LD_RUNPATH_SEARCH_PATHS = "$(inherited) @executable_path/Frameworks";
				PRODUCT_NAME = "$(TARGET_NAME)";
			};
			name = Debug;
		};
		A8DC620F1AEE938E006AB0B6 /* Release */ = {
			isa = XCBuildConfiguration;
			buildSettings = {
				ASSETCATALOG_COMPILER_APPICON_NAME = AppIcon;
				INFOPLIST_FILE = OVOFan/Info.plist;
				LD_RUNPATH_SEARCH_PATHS = "$(inherited) @executable_path/Frameworks";
				PRODUCT_NAME = "$(TARGET_NAME)";
			};
			name = Release;
		};
		A8DC62111AEE938E006AB0B6 /* Debug */ = {
			isa = XCBuildConfiguration;
			buildSettings = {
				BUNDLE_LOADER = "$(TEST_HOST)";
				FRAMEWORK_SEARCH_PATHS = (
					"$(SDKROOT)/Developer/Library/Frameworks",
					"$(inherited)",
				);
				GCC_PREPROCESSOR_DEFINITIONS = (
					"DEBUG=1",
					"$(inherited)",
				);
				INFOPLIST_FILE = OVOFanTests/Info.plist;
				LD_RUNPATH_SEARCH_PATHS = "$(inherited) @executable_path/Frameworks @loader_path/Frameworks";
				PRODUCT_NAME = "$(TARGET_NAME)";
				TEST_HOST = "$(BUILT_PRODUCTS_DIR)/OVOFan.app/OVOFan";
			};
			name = Debug;
		};
		A8DC62121AEE938E006AB0B6 /* Release */ = {
			isa = XCBuildConfiguration;
			buildSettings = {
				BUNDLE_LOADER = "$(TEST_HOST)";
				FRAMEWORK_SEARCH_PATHS = (
					"$(SDKROOT)/Developer/Library/Frameworks",
					"$(inherited)",
				);
				INFOPLIST_FILE = OVOFanTests/Info.plist;
				LD_RUNPATH_SEARCH_PATHS = "$(inherited) @executable_path/Frameworks @loader_path/Frameworks";
				PRODUCT_NAME = "$(TARGET_NAME)";
				TEST_HOST = "$(BUILT_PRODUCTS_DIR)/OVOFan.app/OVOFan";
			};
			name = Release;
		};
/* End XCBuildConfiguration section */

/* Begin XCConfigurationList section */
		A8DC61E51AEE938E006AB0B6 /* Build configuration list for PBXProject "OVOFan" */ = {
			isa = XCConfigurationList;
			buildConfigurations = (
				A8DC620B1AEE938E006AB0B6 /* Debug */,
				A8DC620C1AEE938E006AB0B6 /* Release */,
			);
			defaultConfigurationIsVisible = 0;
			defaultConfigurationName = Release;
		};
		A8DC620D1AEE938E006AB0B6 /* Build configuration list for PBXNativeTarget "OVOFan" */ = {
			isa = XCConfigurationList;
			buildConfigurations = (
				A8DC620E1AEE938E006AB0B6 /* Debug */,
				A8DC620F1AEE938E006AB0B6 /* Release */,
			);
			defaultConfigurationIsVisible = 0;
			defaultConfigurationName = Release;
		};
		A8DC62101AEE938E006AB0B6 /* Build configuration list for PBXNativeTarget "OVOFanTests" */ = {
			isa = XCConfigurationList;
			buildConfigurations = (
				A8DC62111AEE938E006AB0B6 /* Debug */,
				A8DC62121AEE938E006AB0B6 /* Release */,
			);
			defaultConfigurationIsVisible = 0;
			defaultConfigurationName = Release;
		};
/* End XCConfigurationList section */
	};
	rootObject = A8DC61E21AEE938E006AB0B6 /* Project object */;
}
